{
  "name": "@yjdev/greet-module",
  "version": "1.0.0",
  "lockfileVersion": 3,
  "requires": true,
  "packages": {
    "": {
      "name": "@yjdev/greet-module",
      "version": "1.0.0",
      "license": "ISC",
      "dependencies": {
        "@yjdev/greet-module": "^1.0.0"
      }
    },
    "node_modules/@yjdev/greet-module": {
      "version": "1.0.0",
      "resolved": "https://registry.npmjs.org/@yjdev/greet-module/-/greet-module-1.0.0.tgz",
      "integrity": "sha512-CG+v817yuCtrrEXpjtePPY1Zytempgj5kJXVltkgv8bg5miYilNKa6SweKBk3Bh5yJPIr3yG7Vk747r++iR0Vg==",
      "license": "ISC"
    }
  }
}
